github.com/davecgh/go-spew v1.1.0/go.mod h1:J7Y8YcW2NihsgmVo/mv3lAwl/skON4iLHjSsI+c5H38=
github.com/gookit/color v1.2.3 h1:2Si0/JAEE2+1hkNYuTszu54Ti9wfp+M4JNNrknf9/D0=
github.com/gookit/color v1.2.3/go.mod h1:AhIE+pS6D4Ql0SQWbBeXPHw7gY0/sjHoA4s/n1KB7xg=
github.com/gorilla/mux v1.7.3 h1:gnP5JzjVOuiZD07fKKToCAOjS0yOpj/qPETTXCCS6hw=
github.com/gorilla/mux v1.7.3/go.mod h1:1lud6UwP+6orDFRuTfBEV8e9/aOM/c4fVVCaMa2zaAs=
github.com/h2non/filetype v1.0.12 h1:yHCsIe0y2cvbDARtJhGBTD2ecvqMSTvlIcph9En/Zao=
github.com/h2non/filetype v1.0.12/go.mod h1:319b3zT68BvV+WRj7cwy856M2ehB3HqNOt6sy1HndBY=
github.com/pmezard/go-difflib v1.0.0/go.mod h1:iKH77koFhYxTK1pcRnkKkqfTogsbg7gZNVY4sRDYZ/4=
github.com/stretchr/objx v0.1.0/go.mod h1:HFkY916IF+rwdDfMAkV7OtwuqBVzrE8GR6GFx+wExME=
github.com/stretchr/testify v1.3.0/go.mod h1:M5WIy9Dh21IEIfnGCwXGc5bZfKNJtfHm1UVUgZn+9EI=
